
Microsoft Visual Studio Solution File, Format Version 12.00
# Visual Studio Version 16
VisualStudioVersion = 16.0.29519.87
MinimumVisualStudioVersion = 10.0.40219.1
Project("{FAE04EC0-301F-11D3-BF4B-00C04F79EFBC}") = "DatabaseManager", "DatabaseManager\DatabaseManager.csproj", "{199140E1-C44F-49E0-911D-E822EA22D52E}"
EndProject
Global
	GlobalSection(SolutionConfigurationPlatforms) = preSolution
		Debug|Any CPU = Debug|Any CPU
		Release|Any CPU = Release|Any CPU
	EndGlobalSection
	GlobalSection(ProjectConfigurationPlatforms) = postSolution
		{199140E1-C44F-49E0-911D-E822EA22D52E}.Debug|Any CPU.ActiveCfg = Debug|Any CPU
		{199140E1-C44F-49E0-911D-E822EA22D52E}.Debug|Any CPU.Build.0 = Debug|Any CPU
		{199140E1-C44F-49E0-911D-E822EA22D52E}.Release|Any CPU.ActiveCfg = Release|Any CPU
		{199140E1-C44F-49E0-911D-E822EA22D52E}.Release|Any CPU.Build.0 = Release|Any CPU
	EndGlobalSection
	GlobalSection(SolutionProperties) = preSolution
		HideSolutionNode = FALSE
	EndGlobalSection
	GlobalSection(ExtensibilityGlobals) = postSolution
		SolutionGuid = {D2B27876-8F9F-4A42-B855-50BBCD00BB9D}
	EndGlobalSection
EndGlobal
